<?xml version="1.0" encoding="utf-8"?>
<Project ToolsVersion="4.0" xmlns="http://schemas.microsoft.com/developer/msbuild/2003">
  <ItemGroup>
    <Filter Include="源文件">
      <UniqueIdentifier>{4FC737F1-C7A5-4376-A066-2A32D752A2FF}</UniqueIdentifier>
      <Extensions>cpp;c;cc;cxx;c++;cppm;ixx;def;odl;idl;hpj;bat;asm;asmx</Extensions>
    </Filter>
    <Filter Include="manager">
      <UniqueIdentifier>{d0458d55-1c82-48c5-977e-44c53fdfaaa5}</UniqueIdentifier>
    </Filter>
    <Filter Include="scene">
      <UniqueIdentifier>{ecadeca9-2870-45c0-b5a3-8822cbcf8dda}</UniqueIdentifier>
    </Filter>
    <Filter Include="atlas">
      <UniqueIdentifier>{68b70491-6fee-494e-afa0-f6cd6c15bc69}</UniqueIdentifier>
    </Filter>
    <Filter Include="animation">
      <UniqueIdentifier>{7ef6624d-434c-425c-ac4e-634ce8dbac75}</UniqueIdentifier>
    </Filter>
    <Filter Include="timer">
      <UniqueIdentifier>{96104ac5-6c16-41e8-8a35-e3995d7c069d}</UniqueIdentifier>
    </Filter>
    <Filter Include="button">
      <UniqueIdentifier>{30273ebe-fdbf-4bc1-811c-19c602f66766}</UniqueIdentifier>
    </Filter>
    <Filter Include="player">
      <UniqueIdentifier>{d6c7a769-1f4d-4c81-b23d-185d1fa27d30}</UniqueIdentifier>
    </Filter>
    <Filter Include="board data">
      <UniqueIdentifier>{cc297047-b54c-4b40-95e5-b812bc162002}</UniqueIdentifier>
    </Filter>
    <Filter Include="ship">
      <UniqueIdentifier>{5843bb04-c328-449b-bfb3-2ff7a62a747e}</UniqueIdentifier>
    </Filter>
    <Filter Include="bullet">
      <UniqueIdentifier>{0276a9ab-942e-4bad-87a3-6c144cc71cdf}</UniqueIdentifier>
    </Filter>
    <Filter Include="effect">
      <UniqueIdentifier>{f6b10d95-bc94-4250-aff9-90ca66a86366}</UniqueIdentifier>
    </Filter>
  </ItemGroup>
  <ItemGroup>
    <ClCompile Include="main.cpp">
      <Filter>源文件</Filter>
    </ClCompile>
    <ClCompile Include="game_manager.cpp">
      <Filter>manager</Filter>
    </ClCompile>
    <ClCompile Include="menu_scene.cpp">
      <Filter>scene</Filter>
    </ClCompile>
    <ClCompile Include="setting_scene.cpp">
      <Filter>scene</Filter>
    </ClCompile>
    <ClCompile Include="resources_manager.cpp">
      <Filter>manager</Filter>
    </ClCompile>
    <ClCompile Include="scene_manager.cpp">
      <Filter>manager</Filter>
    </ClCompile>
    <ClCompile Include="scene_pool.cpp">
      <Filter>scene</Filter>
    </ClCompile>
    <ClCompile Include="setup_scene.cpp">
      <Filter>scene</Filter>
    </ClCompile>
    <ClCompile Include="txt_texture_manager.cpp">
      <Filter>manager</Filter>
    </ClCompile>
    <ClCompile Include="atlas.cpp">
      <Filter>atlas</Filter>
    </ClCompile>
    <ClCompile Include="atlas_manager.cpp">
      <Filter>manager</Filter>
    </ClCompile>
    <ClCompile Include="animation.cpp">
      <Filter>animation</Filter>
    </ClCompile>
    <ClCompile Include="timer.cpp">
      <Filter>timer</Filter>
    </ClCompile>
    <ClCompile Include="board.cpp">
      <Filter>board data</Filter>
    </ClCompile>
    <ClCompile Include="tile.h">
      <Filter>board data</Filter>
    </ClCompile>
    <ClCompile Include="player.cpp">
      <Filter>player</Filter>
    </ClCompile>
    <ClCompile Include="bullet.cpp">
      <Filter>bullet</Filter>
    </ClCompile>
    <ClCompile Include="effect_manager.cpp">
      <Filter>manager</Filter>
    </ClCompile>
    <ClCompile Include="effect.cpp">
      <Filter>effect</Filter>
    </ClCompile>
    <ClCompile Include="ship.cpp">
      <Filter>ship</Filter>
    </ClCompile>
    <ClCompile Include="PVE_scene.cpp">
      <Filter>scene</Filter>
    </ClCompile>
    <ClCompile Include="button.cpp">
      <Filter>button</Filter>
    </ClCompile>
    <ClCompile Include="PVP_scene.cpp">
      <Filter>scene</Filter>
    </ClCompile>
    <ClCompile Include="human_player.cpp">
      <Filter>player</Filter>
    </ClCompile>
    <ClCompile Include="computer_player.cpp">
      <Filter>player</Filter>
    </ClCompile>
  </ItemGroup>
  <ItemGroup>
    <ClInclude Include="manager.h">
      <Filter>manager</Filter>
    </ClInclude>
    <ClInclude Include="game_manager.h">
      <Filter>manager</Filter>
    </ClInclude>
    <ClInclude Include="scene.h">
      <Filter>scene</Filter>
    </ClInclude>
    <ClInclude Include="scene_manager.h">
      <Filter>manager</Filter>
    </ClInclude>
    <ClInclude Include="menu_scene.h">
      <Filter>scene</Filter>
    </ClInclude>
    <ClInclude Include="resources_manager.h">
      <Filter>manager</Filter>
    </ClInclude>
    <ClInclude Include="setting_scene.h">
      <Filter>scene</Filter>
    </ClInclude>
    <ClInclude Include="scene_type.h">
      <Filter>scene</Filter>
    </ClInclude>
    <ClInclude Include="scene_pool.h">
      <Filter>scene</Filter>
    </ClInclude>
    <ClInclude Include="setup_scene.h">
      <Filter>scene</Filter>
    </ClInclude>
    <ClInclude Include="txt_texture_manager.h">
      <Filter>manager</Filter>
    </ClInclude>
    <ClInclude Include="atlas.h">
      <Filter>atlas</Filter>
    </ClInclude>
    <ClInclude Include="atlas_manager.h">
      <Filter>manager</Filter>
    </ClInclude>
    <ClInclude Include="animation.h">
      <Filter>animation</Filter>
    </ClInclude>
    <ClInclude Include="timer.h">
      <Filter>timer</Filter>
    </ClInclude>
    <ClInclude Include="board.h">
      <Filter>board data</Filter>
    </ClInclude>
    <ClInclude Include="player.h">
      <Filter>player</Filter>
    </ClInclude>
    <ClInclude Include="ship.h">
      <Filter>ship</Filter>
    </ClInclude>
    <ClInclude Include="bullet.h">
      <Filter>bullet</Filter>
    </ClInclude>
    <ClInclude Include="effect_manager.h">
      <Filter>manager</Filter>
    </ClInclude>
    <ClInclude Include="effect.h">
      <Filter>effect</Filter>
    </ClInclude>
    <ClInclude Include="PVE_scene.h">
      <Filter>scene</Filter>
    </ClInclude>
    <ClInclude Include="button.h">
      <Filter>button</Filter>
    </ClInclude>
    <ClInclude Include="PVP_scene.h">
      <Filter>scene</Filter>
    </ClInclude>
    <ClInclude Include="human_player.h">
      <Filter>player</Filter>
    </ClInclude>
    <ClInclude Include="computer_player.h">
      <Filter>player</Filter>
    </ClInclude>
  </ItemGroup>
</Project>